<?xml version="1.0" encoding="utf-8"?>
<Project ToolsVersion="4.0" xmlns="http://schemas.microsoft.com/developer/msbuild/2003">
  <ItemGroup>
    <Filter Include="Archivos de origen">
      <UniqueIdentifier>{4FC737F1-C7A5-4376-A066-2A32D752A2FF}</UniqueIdentifier>
      <Extensions>cpp;c;cc;cxx;def;odl;idl;hpj;bat;asm;asmx</Extensions>
    </Filter>
    <Filter Include="Archivos de encabezado">
      <UniqueIdentifier>{93995380-89BD-4b04-88EB-625FBE52EBFB}</UniqueIdentifier>
      <Extensions>h;hh;hpp;hxx;hm;inl;inc;ipp;xsd</Extensions>
    </Filter>
    <Filter Include="Archivos de recursos">
      <UniqueIdentifier>{67DA6AB6-F800-4c08-8B7A-83BB121AAD01}</UniqueIdentifier>
      <Extensions>rc;ico;cur;bmp;dlg;rc2;rct;bin;rgs;gif;jpg;jpeg;jpe;resx;tiff;tif;png;wav;mfcribbon-ms</Extensions>
    </Filter>
    <Filter Include="Archivos de origen\Model">
      <UniqueIdentifier>{3c544667-4241-49ae-91fe-472fdeb2c491}</UniqueIdentifier>
    </Filter>
    <Filter Include="Archivos de origen\Model\Errors">
      <UniqueIdentifier>{480586b1-f4f0-4a28-8e50-f2c4ec547eb8}</UniqueIdentifier>
    </Filter>
    <Filter Include="Archivos de origen\Model\Lexico">
      <UniqueIdentifier>{e95f99fe-6a03-49f4-b87f-0035af9300c5}</UniqueIdentifier>
    </Filter>
    <Filter Include="Archivos de origen\Model\Lexico\Encabezados">
      <UniqueIdentifier>{5a3d9a46-464b-49dc-a199-61f74e896463}</UniqueIdentifier>
    </Filter>
    <Filter Include="Archivos de origen\Model\Lexico\Origen">
      <UniqueIdentifier>{af1e7aa1-75f4-4b1a-9616-814d44e8b799}</UniqueIdentifier>
    </Filter>
  </ItemGroup>
  <ItemGroup>
    <ClInclude Include="pch.h">
      <Filter>Archivos de encabezado</Filter>
    </ClInclude>
    <ClInclude Include="Modelo\TablaSimbolos.h">
      <Filter>Archivos de origen\Model</Filter>
    </ClInclude>
    <ClInclude Include="Modelo\Lexico\AnalizadorLexico.h">
      <Filter>Archivos de origen\Model\Lexico\Encabezados</Filter>
    </ClInclude>
    <ClInclude Include="Modelo\Lexico\C_Reservados.h">
      <Filter>Archivos de origen\Model\Lexico\Encabezados</Filter>
    </ClInclude>
    <ClInclude Include="IOManager.h">
      <Filter>Archivos de origen\Model\Lexico\Encabezados</Filter>
    </ClInclude>
    <ClInclude Include="Modelo\Lexico\TablaEstados.h">
      <Filter>Archivos de origen\Model\Lexico\Encabezados</Filter>
    </ClInclude>
    <ClInclude Include="Modelo\Lexico\Token.h">
      <Filter>Archivos de origen\Model\Lexico\Encabezados</Filter>
    </ClInclude>
    <ClInclude Include="MapSimbolos.h">
      <Filter>Archivos de encabezado</Filter>
    </ClInclude>
    <ClInclude Include="Modelo\ITablaSimbolos.h">
      <Filter>Archivos de origen\Model</Filter>
    </ClInclude>
    <ClInclude Include="Modelo\TablaSimbolosInizializador.h">
      <Filter>Archivos de origen\Model</Filter>
    </ClInclude>
  </ItemGroup>
  <ItemGroup>
    <ClCompile Include="pch.cpp">
      <Filter>Archivos de origen</Filter>
    </ClCompile>
    <ClCompile Include="CompilerBookTest.cpp">
      <Filter>Archivos de origen</Filter>
    </ClCompile>
    <ClCompile Include="ErrorMsg.cpp">
      <Filter>Archivos de origen\Model\Errors</Filter>
    </ClCompile>
    <ClCompile Include="Modelo\TablaSimbolos.cpp">
      <Filter>Archivos de origen\Model</Filter>
    </ClCompile>
    <ClCompile Include="ConstantesIO.h">
      <Filter>Archivos de origen\Model\Lexico\Encabezados</Filter>
    </ClCompile>
    <ClCompile Include="Modelo\Lexico\AnalizadorLexico.cpp">
      <Filter>Archivos de origen\Model\Lexico\Origen</Filter>
    </ClCompile>
    <ClCompile Include="Modelo\Lexico\C_Reservados.cpp">
      <Filter>Archivos de origen\Model\Lexico\Origen</Filter>
    </ClCompile>
    <ClCompile Include="IOManager.cpp">
      <Filter>Archivos de origen\Model\Lexico\Origen</Filter>
    </ClCompile>
    <ClCompile Include="Modelo\Lexico\TablaEstados.cpp">
      <Filter>Archivos de origen\Model\Lexico\Origen</Filter>
    </ClCompile>
    <ClCompile Include="MapSimbolos.cpp">
      <Filter>Archivos de origen</Filter>
    </ClCompile>
  </ItemGroup>
</Project>